Microsoft Visual Studio Solution File, Format Version 11.00
# Visual Studio 2008

Project("{067E2AAD-5281-89D1-C345-F7F99733E512}") = "Pasaran", "Assembly-CSharp.csproj", "{65090603-48A5-BF25-C6E6-E15186B1E794}"
EndProject
Global
	GlobalSection(SolutionConfigurationPlatforms) = preSolution
		Debug|Any CPU = Debug|Any CPU
		Release|Any CPU = Release|Any CPU
	EndGlobalSection
	GlobalSection(ProjectConfigurationPlatforms) = postSolution
		{65090603-48A5-BF25-C6E6-E15186B1E794}.Debug|Any CPU.ActiveCfg = Debug|Any CPU
		{65090603-48A5-BF25-C6E6-E15186B1E794}.Debug|Any CPU.Build.0 = Debug|Any CPU
		{65090603-48A5-BF25-C6E6-E15186B1E794}.Release|Any CPU.ActiveCfg = Release|Any CPU
		{65090603-48A5-BF25-C6E6-E15186B1E794}.Release|Any CPU.Build.0 = Release|Any CPU
	EndGlobalSection
	GlobalSection(SolutionProperties) = preSolution
		HideSolutionNode = FALSE
	EndGlobalSection
	GlobalSection(MonoDevelopProperties) = preSolution
		StartupItem = Assembly-CSharp.csproj
	EndGlobalSection
EndGlobal
